
Microsoft Visual Studio Solution File, Format Version 12.00
# Visual Studio 14
VisualStudioVersion = 14.0.24720.0
MinimumVisualStudioVersion = 10.0.40219.1
Project("{FAE04EC0-301F-11D3-BF4B-00C04F79EFBC}") = "01. Sum of 3 numbers", "01. Sum of 3 numbers\01. Sum of 3 numbers.csproj", "{518AEB66-10A0-4A58-8EBF-41CAA935F559}"
EndProject
Project("{FAE04EC0-301F-11D3-BF4B-00C04F79EFBC}") = "02. Company Info", "02. Company Info\02. Company Info.csproj", "{F683CC2F-E617-466D-8AAE-B898B1F51907}"
EndProject
Project("{FAE04EC0-301F-11D3-BF4B-00C04F79EFBC}") = "03. Circle", "03. Circle\03. Circle.csproj", "{4D246AAA-31AB-4F54-861C-FE7C8D1237A5}"
EndProject
Project("{FAE04EC0-301F-11D3-BF4B-00C04F79EFBC}") = "05. Numbers Comparer", "05. Numbers Comparer\05. Numbers Comparer.csproj", "{44BA14B4-B90E-4D31-9E39-500F2FCDEB3A}"
EndProject
Project("{FAE04EC0-301F-11D3-BF4B-00C04F79EFBC}") = "06. Quadratic Equation", "06. Quadratic Equation\06. Quadratic Equation.csproj", "{C29C56D8-309B-4005-B184-762DEC369B87}"
EndProject
Project("{FAE04EC0-301F-11D3-BF4B-00C04F79EFBC}") = "07. Sum of 5 numbers", "07. Sum of 5 numbers\07. Sum of 5 numbers.csproj", "{B8F0E4A8-DFA7-4780-9912-C13DD54C281A}"
EndProject
Project("{FAE04EC0-301F-11D3-BF4B-00C04F79EFBC}") = "08. Numbers from 1 to N", "08. Numbers from 1 to N\08. Numbers from 1 to N.csproj", "{AEE7F022-6FB2-4605-9936-205CEC938EB1}"
EndProject
Project("{FAE04EC0-301F-11D3-BF4B-00C04F79EFBC}") = "09. Sum of N Numbers", "09. Sum of N Numbers\09. Sum of N Numbers.csproj", "{0F2C47BC-F945-4AFC-9AD4-ECB058068D62}"
EndProject
Project("{FAE04EC0-301F-11D3-BF4B-00C04F79EFBC}") = "10. Fibonacci Numbers", "10. Fibonacci Numbers\10. Fibonacci Numbers.csproj", "{F620EB03-311B-409A-B45B-0D5664D2370B}"
EndProject
Project("{FAE04EC0-301F-11D3-BF4B-00C04F79EFBC}") = "11. Interval", "11. Interval\11. Interval.csproj", "{F89C808B-FB22-43B9-908F-5BA7430215C5}"
EndProject
Global
	GlobalSection(SolutionConfigurationPlatforms) = preSolution
		Debug|Any CPU = Debug|Any CPU
		Release|Any CPU = Release|Any CPU
	EndGlobalSection
	GlobalSection(ProjectConfigurationPlatforms) = postSolution
		{518AEB66-10A0-4A58-8EBF-41CAA935F559}.Debug|Any CPU.ActiveCfg = Debug|Any CPU
		{518AEB66-10A0-4A58-8EBF-41CAA935F559}.Debug|Any CPU.Build.0 = Debug|Any CPU
		{518AEB66-10A0-4A58-8EBF-41CAA935F559}.Release|Any CPU.ActiveCfg = Release|Any CPU
		{518AEB66-10A0-4A58-8EBF-41CAA935F559}.Release|Any CPU.Build.0 = Release|Any CPU
		{F683CC2F-E617-466D-8AAE-B898B1F51907}.Debug|Any CPU.ActiveCfg = Debug|Any CPU
		{F683CC2F-E617-466D-8AAE-B898B1F51907}.Debug|Any CPU.Build.0 = Debug|Any CPU
		{F683CC2F-E617-466D-8AAE-B898B1F51907}.Release|Any CPU.ActiveCfg = Release|Any CPU
		{F683CC2F-E617-466D-8AAE-B898B1F51907}.Release|Any CPU.Build.0 = Release|Any CPU
		{4D246AAA-31AB-4F54-861C-FE7C8D1237A5}.Debug|Any CPU.ActiveCfg = Debug|Any CPU
		{4D246AAA-31AB-4F54-861C-FE7C8D1237A5}.Debug|Any CPU.Build.0 = Debug|Any CPU
		{4D246AAA-31AB-4F54-861C-FE7C8D1237A5}.Release|Any CPU.ActiveCfg = Release|Any CPU
		{4D246AAA-31AB-4F54-861C-FE7C8D1237A5}.Release|Any CPU.Build.0 = Release|Any CPU
		{44BA14B4-B90E-4D31-9E39-500F2FCDEB3A}.Debug|Any CPU.ActiveCfg = Debug|Any CPU
		{44BA14B4-B90E-4D31-9E39-500F2FCDEB3A}.Debug|Any CPU.Build.0 = Debug|Any CPU
		{44BA14B4-B90E-4D31-9E39-500F2FCDEB3A}.Release|Any CPU.ActiveCfg = Release|Any CPU
		{44BA14B4-B90E-4D31-9E39-500F2FCDEB3A}.Release|Any CPU.Build.0 = Release|Any CPU
		{C29C56D8-309B-4005-B184-762DEC369B87}.Debug|Any CPU.ActiveCfg = Debug|Any CPU
		{C29C56D8-309B-4005-B184-762DEC369B87}.Debug|Any CPU.Build.0 = Debug|Any CPU
		{C29C56D8-309B-4005-B184-762DEC369B87}.Release|Any CPU.ActiveCfg = Release|Any CPU
		{C29C56D8-309B-4005-B184-762DEC369B87}.Release|Any CPU.Build.0 = Release|Any CPU
		{B8F0E4A8-DFA7-4780-9912-C13DD54C281A}.Debug|Any CPU.ActiveCfg = Debug|Any CPU
		{B8F0E4A8-DFA7-4780-9912-C13DD54C281A}.Debug|Any CPU.Build.0 = Debug|Any CPU
		{B8F0E4A8-DFA7-4780-9912-C13DD54C281A}.Release|Any CPU.ActiveCfg = Release|Any CPU
		{B8F0E4A8-DFA7-4780-9912-C13DD54C281A}.Release|Any CPU.Build.0 = Release|Any CPU
		{AEE7F022-6FB2-4605-9936-205CEC938EB1}.Debug|Any CPU.ActiveCfg = Debug|Any CPU
		{AEE7F022-6FB2-4605-9936-205CEC938EB1}.Debug|Any CPU.Build.0 = Debug|Any CPU
		{AEE7F022-6FB2-4605-9936-205CEC938EB1}.Release|Any CPU.ActiveCfg = Release|Any CPU
		{AEE7F022-6FB2-4605-9936-205CEC938EB1}.Release|Any CPU.Build.0 = Release|Any CPU
		{0F2C47BC-F945-4AFC-9AD4-ECB058068D62}.Debug|Any CPU.ActiveCfg = Debug|Any CPU
		{0F2C47BC-F945-4AFC-9AD4-ECB058068D62}.Debug|Any CPU.Build.0 = Debug|Any CPU
		{0F2C47BC-F945-4AFC-9AD4-ECB058068D62}.Release|Any CPU.ActiveCfg = Release|Any CPU
		{0F2C47BC-F945-4AFC-9AD4-ECB058068D62}.Release|Any CPU.Build.0 = Release|Any CPU
		{F620EB03-311B-409A-B45B-0D5664D2370B}.Debug|Any CPU.ActiveCfg = Debug|Any CPU
		{F620EB03-311B-409A-B45B-0D5664D2370B}.Debug|Any CPU.Build.0 = Debug|Any CPU
		{F620EB03-311B-409A-B45B-0D5664D2370B}.Release|Any CPU.ActiveCfg = Release|Any CPU
		{F620EB03-311B-409A-B45B-0D5664D2370B}.Release|Any CPU.Build.0 = Release|Any CPU
		{F89C808B-FB22-43B9-908F-5BA7430215C5}.Debug|Any CPU.ActiveCfg = Debug|Any CPU
		{F89C808B-FB22-43B9-908F-5BA7430215C5}.Debug|Any CPU.Build.0 = Debug|Any CPU
		{F89C808B-FB22-43B9-908F-5BA7430215C5}.Release|Any CPU.ActiveCfg = Release|Any CPU
		{F89C808B-FB22-43B9-908F-5BA7430215C5}.Release|Any CPU.Build.0 = Release|Any CPU
	EndGlobalSection
	GlobalSection(SolutionProperties) = preSolution
		HideSolutionNode = FALSE
	EndGlobalSection
EndGlobal
