
Microsoft Visual Studio Solution File, Format Version 12.00
# Visual Studio 14
VisualStudioVersion = 14.0.24720.0
MinimumVisualStudioVersion = 10.0.40219.1
Project("{FAE04EC0-301F-11D3-BF4B-00C04F79EFBC}") = "01. Odd or Even", "01. Odd or Even\01. Odd or Even.csproj", "{AC2B1778-3B08-4521-86A6-35DF801F7FF5}"
EndProject
Project("{FAE04EC0-301F-11D3-BF4B-00C04F79EFBC}") = "02. Moon Gravity", "02. Moon Gravity\02. Moon Gravity.csproj", "{A4A1ADF9-3C11-4024-891D-8558A4746D82}"
EndProject
Project("{FAE04EC0-301F-11D3-BF4B-00C04F79EFBC}") = "03. Divide by 7 and 5", "03. Divide by 7 and 5\03. Divide by 7 and 5.csproj", "{FD46303C-723C-4319-BF77-8263B72686B1}"
EndProject
Project("{FAE04EC0-301F-11D3-BF4B-00C04F79EFBC}") = "04. Rectangles", "04. Rectangles\04. Rectangles.csproj", "{CD61EB96-ADC4-4184-BF19-368E8CA0FDB5}"
EndProject
Project("{FAE04EC0-301F-11D3-BF4B-00C04F79EFBC}") = "05. Third Digit", "05. Third Digit\05. Third Digit.csproj", "{E5742804-7652-463F-AE7D-90705BA876E7}"
EndProject
Project("{FAE04EC0-301F-11D3-BF4B-00C04F79EFBC}") = "06. Four Digits", "06. Four Digits\06. Four Digits.csproj", "{FFA51207-1DA3-422F-A508-03F2F7C9579F}"
EndProject
Project("{FAE04EC0-301F-11D3-BF4B-00C04F79EFBC}") = "07. Point in a Circle", "07. Point in a Circle\07. Point in a Circle.csproj", "{A4962020-DC5E-4DB8-B9CD-96D3B7D1D8A2}"
EndProject
Project("{FAE04EC0-301F-11D3-BF4B-00C04F79EFBC}") = "08. Prime Check", "08. Prime Check\08. Prime Check.csproj", "{712F89B1-715A-4393-BAB6-A2E15326C6B2}"
EndProject
Project("{FAE04EC0-301F-11D3-BF4B-00C04F79EFBC}") = "09. Trapezoids", "09. Trapezoids\09. Trapezoids.csproj", "{88EC76D0-E2BB-4A3A-B6FA-316A05FAC810}"
EndProject
Project("{FAE04EC0-301F-11D3-BF4B-00C04F79EFBC}") = "10. Point, Circle, Rect", "10. Point, Circle, Rect\10. Point, Circle, Rect.csproj", "{399909BC-B86D-464A-B549-F410999EE8ED}"
EndProject
Project("{FAE04EC0-301F-11D3-BF4B-00C04F79EFBC}") = "11. 3rd Bit", "11. 3rd Bit\11. 3rd Bit.csproj", "{63C22179-A355-4735-9C24-444D7BEF306B}"
EndProject
Project("{FAE04EC0-301F-11D3-BF4B-00C04F79EFBC}") = "12. N-th Bit", "12. N-th Bit\12. N-th Bit.csproj", "{DDC323E0-5757-4058-86A8-CB89005A37A3}"
EndProject
Project("{FAE04EC0-301F-11D3-BF4B-00C04F79EFBC}") = "13. Modify Bit", "13. Modify Bit\13. Modify Bit.csproj", "{53B51352-AC24-42E0-802E-6246DE373D8E}"
EndProject
Global
	GlobalSection(SolutionConfigurationPlatforms) = preSolution
		Debug|Any CPU = Debug|Any CPU
		Release|Any CPU = Release|Any CPU
	EndGlobalSection
	GlobalSection(ProjectConfigurationPlatforms) = postSolution
		{AC2B1778-3B08-4521-86A6-35DF801F7FF5}.Debug|Any CPU.ActiveCfg = Debug|Any CPU
		{AC2B1778-3B08-4521-86A6-35DF801F7FF5}.Debug|Any CPU.Build.0 = Debug|Any CPU
		{AC2B1778-3B08-4521-86A6-35DF801F7FF5}.Release|Any CPU.ActiveCfg = Release|Any CPU
		{AC2B1778-3B08-4521-86A6-35DF801F7FF5}.Release|Any CPU.Build.0 = Release|Any CPU
		{A4A1ADF9-3C11-4024-891D-8558A4746D82}.Debug|Any CPU.ActiveCfg = Debug|Any CPU
		{A4A1ADF9-3C11-4024-891D-8558A4746D82}.Debug|Any CPU.Build.0 = Debug|Any CPU
		{A4A1ADF9-3C11-4024-891D-8558A4746D82}.Release|Any CPU.ActiveCfg = Release|Any CPU
		{A4A1ADF9-3C11-4024-891D-8558A4746D82}.Release|Any CPU.Build.0 = Release|Any CPU
		{FD46303C-723C-4319-BF77-8263B72686B1}.Debug|Any CPU.ActiveCfg = Debug|Any CPU
		{FD46303C-723C-4319-BF77-8263B72686B1}.Debug|Any CPU.Build.0 = Debug|Any CPU
		{FD46303C-723C-4319-BF77-8263B72686B1}.Release|Any CPU.ActiveCfg = Release|Any CPU
		{FD46303C-723C-4319-BF77-8263B72686B1}.Release|Any CPU.Build.0 = Release|Any CPU
		{CD61EB96-ADC4-4184-BF19-368E8CA0FDB5}.Debug|Any CPU.ActiveCfg = Debug|Any CPU
		{CD61EB96-ADC4-4184-BF19-368E8CA0FDB5}.Debug|Any CPU.Build.0 = Debug|Any CPU
		{CD61EB96-ADC4-4184-BF19-368E8CA0FDB5}.Release|Any CPU.ActiveCfg = Release|Any CPU
		{CD61EB96-ADC4-4184-BF19-368E8CA0FDB5}.Release|Any CPU.Build.0 = Release|Any CPU
		{E5742804-7652-463F-AE7D-90705BA876E7}.Debug|Any CPU.ActiveCfg = Debug|Any CPU
		{E5742804-7652-463F-AE7D-90705BA876E7}.Debug|Any CPU.Build.0 = Debug|Any CPU
		{E5742804-7652-463F-AE7D-90705BA876E7}.Release|Any CPU.ActiveCfg = Release|Any CPU
		{E5742804-7652-463F-AE7D-90705BA876E7}.Release|Any CPU.Build.0 = Release|Any CPU
		{FFA51207-1DA3-422F-A508-03F2F7C9579F}.Debug|Any CPU.ActiveCfg = Debug|Any CPU
		{FFA51207-1DA3-422F-A508-03F2F7C9579F}.Debug|Any CPU.Build.0 = Debug|Any CPU
		{FFA51207-1DA3-422F-A508-03F2F7C9579F}.Release|Any CPU.ActiveCfg = Release|Any CPU
		{FFA51207-1DA3-422F-A508-03F2F7C9579F}.Release|Any CPU.Build.0 = Release|Any CPU
		{A4962020-DC5E-4DB8-B9CD-96D3B7D1D8A2}.Debug|Any CPU.ActiveCfg = Debug|Any CPU
		{A4962020-DC5E-4DB8-B9CD-96D3B7D1D8A2}.Debug|Any CPU.Build.0 = Debug|Any CPU
		{A4962020-DC5E-4DB8-B9CD-96D3B7D1D8A2}.Release|Any CPU.ActiveCfg = Release|Any CPU
		{A4962020-DC5E-4DB8-B9CD-96D3B7D1D8A2}.Release|Any CPU.Build.0 = Release|Any CPU
		{712F89B1-715A-4393-BAB6-A2E15326C6B2}.Debug|Any CPU.ActiveCfg = Debug|Any CPU
		{712F89B1-715A-4393-BAB6-A2E15326C6B2}.Debug|Any CPU.Build.0 = Debug|Any CPU
		{712F89B1-715A-4393-BAB6-A2E15326C6B2}.Release|Any CPU.ActiveCfg = Release|Any CPU
		{712F89B1-715A-4393-BAB6-A2E15326C6B2}.Release|Any CPU.Build.0 = Release|Any CPU
		{88EC76D0-E2BB-4A3A-B6FA-316A05FAC810}.Debug|Any CPU.ActiveCfg = Debug|Any CPU
		{88EC76D0-E2BB-4A3A-B6FA-316A05FAC810}.Debug|Any CPU.Build.0 = Debug|Any CPU
		{88EC76D0-E2BB-4A3A-B6FA-316A05FAC810}.Release|Any CPU.ActiveCfg = Release|Any CPU
		{88EC76D0-E2BB-4A3A-B6FA-316A05FAC810}.Release|Any CPU.Build.0 = Release|Any CPU
		{399909BC-B86D-464A-B549-F410999EE8ED}.Debug|Any CPU.ActiveCfg = Debug|Any CPU
		{399909BC-B86D-464A-B549-F410999EE8ED}.Debug|Any CPU.Build.0 = Debug|Any CPU
		{399909BC-B86D-464A-B549-F410999EE8ED}.Release|Any CPU.ActiveCfg = Release|Any CPU
		{399909BC-B86D-464A-B549-F410999EE8ED}.Release|Any CPU.Build.0 = Release|Any CPU
		{63C22179-A355-4735-9C24-444D7BEF306B}.Debug|Any CPU.ActiveCfg = Debug|Any CPU
		{63C22179-A355-4735-9C24-444D7BEF306B}.Debug|Any CPU.Build.0 = Debug|Any CPU
		{63C22179-A355-4735-9C24-444D7BEF306B}.Release|Any CPU.ActiveCfg = Release|Any CPU
		{63C22179-A355-4735-9C24-444D7BEF306B}.Release|Any CPU.Build.0 = Release|Any CPU
		{DDC323E0-5757-4058-86A8-CB89005A37A3}.Debug|Any CPU.ActiveCfg = Debug|Any CPU
		{DDC323E0-5757-4058-86A8-CB89005A37A3}.Debug|Any CPU.Build.0 = Debug|Any CPU
		{DDC323E0-5757-4058-86A8-CB89005A37A3}.Release|Any CPU.ActiveCfg = Release|Any CPU
		{DDC323E0-5757-4058-86A8-CB89005A37A3}.Release|Any CPU.Build.0 = Release|Any CPU
		{53B51352-AC24-42E0-802E-6246DE373D8E}.Debug|Any CPU.ActiveCfg = Debug|Any CPU
		{53B51352-AC24-42E0-802E-6246DE373D8E}.Debug|Any CPU.Build.0 = Debug|Any CPU
		{53B51352-AC24-42E0-802E-6246DE373D8E}.Release|Any CPU.ActiveCfg = Release|Any CPU
		{53B51352-AC24-42E0-802E-6246DE373D8E}.Release|Any CPU.Build.0 = Release|Any CPU
	EndGlobalSection
	GlobalSection(SolutionProperties) = preSolution
		HideSolutionNode = FALSE
	EndGlobalSection
EndGlobal
